
Microsoft Visual Studio Solution File, Format Version 12.00
# Visual Studio Version 17
VisualStudioVersion = 17.8.34525.116
MinimumVisualStudioVersion = 10.0.40219.1
Project("{FAE04EC0-301F-11D3-BF4B-00C04F79EFBC}") = "p6_lectura", "p6_lectura.csproj", "{EAE210E2-84DC-4BFF-A447-76261D893328}"
EndProject
Global
	GlobalSection(SolutionConfigurationPlatforms) = preSolution
		Debug|Any CPU = Debug|Any CPU
		Release|Any CPU = Release|Any CPU
	EndGlobalSection
	GlobalSection(ProjectConfigurationPlatforms) = postSolution
		{EAE210E2-84DC-4BFF-A447-76261D893328}.Debug|Any CPU.ActiveCfg = Debug|Any CPU
		{EAE210E2-84DC-4BFF-A447-76261D893328}.Debug|Any CPU.Build.0 = Debug|Any CPU
		{EAE210E2-84DC-4BFF-A447-76261D893328}.Release|Any CPU.ActiveCfg = Release|Any CPU
		{EAE210E2-84DC-4BFF-A447-76261D893328}.Release|Any CPU.Build.0 = Release|Any CPU
	EndGlobalSection
	GlobalSection(SolutionProperties) = preSolution
		HideSolutionNode = FALSE
	EndGlobalSection
	GlobalSection(ExtensibilityGlobals) = postSolution
		SolutionGuid = {55979018-1A57-4391-AB9D-3AB743E8679D}
	EndGlobalSection
EndGlobal
