
Microsoft Visual Studio Solution File, Format Version 12.00
# Visual Studio Version 17
VisualStudioVersion = 17.8.34525.116
MinimumVisualStudioVersion = 10.0.40219.1
Project("{FAE04EC0-301F-11D3-BF4B-00C04F79EFBC}") = "p3", "p3.csproj", "{F7A44C35-18D9-4A9C-BEDA-9870B3CE15C5}"
EndProject
Project("{2150E333-8FDC-42A3-9474-1A3956D46DE8}") = "Elementos de la solución", "Elementos de la solución", "{5064588E-D42F-4855-B05E-EA9117B3B85E}"
	ProjectSection(SolutionItems) = preProject
		..\p2\p2\bin\Debug\InfoSistema.dll = ..\p2\p2\bin\Debug\InfoSistema.dll
		sigar-x86-winnt.dll = sigar-x86-winnt.dll
		sigar.dll = sigar.dll
	EndProjectSection
EndProject
Global
	GlobalSection(SolutionConfigurationPlatforms) = preSolution
		Debug|Any CPU = Debug|Any CPU
		Release|Any CPU = Release|Any CPU
	EndGlobalSection
	GlobalSection(ProjectConfigurationPlatforms) = postSolution
		{F7A44C35-18D9-4A9C-BEDA-9870B3CE15C5}.Debug|Any CPU.ActiveCfg = Debug|Any CPU
		{F7A44C35-18D9-4A9C-BEDA-9870B3CE15C5}.Debug|Any CPU.Build.0 = Debug|Any CPU
		{F7A44C35-18D9-4A9C-BEDA-9870B3CE15C5}.Release|Any CPU.ActiveCfg = Release|Any CPU
		{F7A44C35-18D9-4A9C-BEDA-9870B3CE15C5}.Release|Any CPU.Build.0 = Release|Any CPU
	EndGlobalSection
	GlobalSection(SolutionProperties) = preSolution
		HideSolutionNode = FALSE
	EndGlobalSection
	GlobalSection(ExtensibilityGlobals) = postSolution
		SolutionGuid = {B791D9BC-6D0C-4C09-9FCB-282E9B408D82}
	EndGlobalSection
EndGlobal
