
Microsoft Visual Studio Solution File, Format Version 12.00
# Visual Studio Version 17
VisualStudioVersion = 17.8.34525.116
MinimumVisualStudioVersion = 10.0.40219.1
Project("{FAE04EC0-301F-11D3-BF4B-00C04F79EFBC}") = "p6_LE", "p6_LE.csproj", "{BFF3BA23-6413-44E4-B9C0-EDBB3EA42A79}"
EndProject
Global
	GlobalSection(SolutionConfigurationPlatforms) = preSolution
		Debug|Any CPU = Debug|Any CPU
		Release|Any CPU = Release|Any CPU
	EndGlobalSection
	GlobalSection(ProjectConfigurationPlatforms) = postSolution
		{BFF3BA23-6413-44E4-B9C0-EDBB3EA42A79}.Debug|Any CPU.ActiveCfg = Debug|Any CPU
		{BFF3BA23-6413-44E4-B9C0-EDBB3EA42A79}.Debug|Any CPU.Build.0 = Debug|Any CPU
		{BFF3BA23-6413-44E4-B9C0-EDBB3EA42A79}.Release|Any CPU.ActiveCfg = Release|Any CPU
		{BFF3BA23-6413-44E4-B9C0-EDBB3EA42A79}.Release|Any CPU.Build.0 = Release|Any CPU
	EndGlobalSection
	GlobalSection(SolutionProperties) = preSolution
		HideSolutionNode = FALSE
	EndGlobalSection
	GlobalSection(ExtensibilityGlobals) = postSolution
		SolutionGuid = {6F616E62-B1C3-4334-9F95-65DFC2FCBF52}
	EndGlobalSection
EndGlobal
